
Microsoft Visual Studio Solution File, Format Version 12.00
# Visual Studio Version 16
VisualStudioVersion = 16.0.34601.136
MinimumVisualStudioVersion = 10.0.40219.1
Project("{FAE04EC0-301F-11D3-BF4B-00C04F79EFBC}") = "Two Sum", "Two Sum\Two Sum.csproj", "{0760A627-2539-4496-B1AD-83C770FF3930}"
EndProject
Global
	GlobalSection(SolutionConfigurationPlatforms) = preSolution
		Debug|Any CPU = Debug|Any CPU
		Release|Any CPU = Release|Any CPU
	EndGlobalSection
	GlobalSection(ProjectConfigurationPlatforms) = postSolution
		{0760A627-2539-4496-B1AD-83C770FF3930}.Debug|Any CPU.ActiveCfg = Debug|Any CPU
		{0760A627-2539-4496-B1AD-83C770FF3930}.Debug|Any CPU.Build.0 = Debug|Any CPU
		{0760A627-2539-4496-B1AD-83C770FF3930}.Release|Any CPU.ActiveCfg = Release|Any CPU
		{0760A627-2539-4496-B1AD-83C770FF3930}.Release|Any CPU.Build.0 = Release|Any CPU
	EndGlobalSection
	GlobalSection(SolutionProperties) = preSolution
		HideSolutionNode = FALSE
	EndGlobalSection
	GlobalSection(ExtensibilityGlobals) = postSolution
		SolutionGuid = {1669FF47-213A-484B-9EA0-C0BAB9D60D0B}
	EndGlobalSection
EndGlobal
